
Microsoft Visual Studio Solution File, Format Version 12.00
# Visual Studio Version 17
VisualStudioVersion = 17.9.34607.119
MinimumVisualStudioVersion = 10.0.40219.1
Project("{9A19103F-16F7-4668-BE54-9A1E7A4F7556}") = "GraphWarCS", "GraphWarCS\GraphWarCS.csproj", "{C42198E3-DB3D-4E56-91BF-5A4B8E79C71E}"
EndProject
Project("{9A19103F-16F7-4668-BE54-9A1E7A4F7556}") = "GraphWarCS.Desktop", "GraphWarCS.Desktop\GraphWarCS.Desktop.csproj", "{080FD8BD-7476-446C-8DBE-CE54CD76941A}"
EndProject
Project("{9A19103F-16F7-4668-BE54-9A1E7A4F7556}") = "GraphWarCS.Browser", "GraphWarCS.Browser\GraphWarCS.Browser.csproj", "{D83E42A8-671A-44BF-AD25-28D359ED3628}"
EndProject
Global
	GlobalSection(SolutionConfigurationPlatforms) = preSolution
		Debug|Any CPU = Debug|Any CPU
		Release|Any CPU = Release|Any CPU
	EndGlobalSection
	GlobalSection(ProjectConfigurationPlatforms) = postSolution
		{C42198E3-DB3D-4E56-91BF-5A4B8E79C71E}.Debug|Any CPU.ActiveCfg = Debug|Any CPU
		{C42198E3-DB3D-4E56-91BF-5A4B8E79C71E}.Debug|Any CPU.Build.0 = Debug|Any CPU
		{C42198E3-DB3D-4E56-91BF-5A4B8E79C71E}.Release|Any CPU.ActiveCfg = Release|Any CPU
		{C42198E3-DB3D-4E56-91BF-5A4B8E79C71E}.Release|Any CPU.Build.0 = Release|Any CPU
		{080FD8BD-7476-446C-8DBE-CE54CD76941A}.Debug|Any CPU.ActiveCfg = Debug|Any CPU
		{080FD8BD-7476-446C-8DBE-CE54CD76941A}.Debug|Any CPU.Build.0 = Debug|Any CPU
		{080FD8BD-7476-446C-8DBE-CE54CD76941A}.Release|Any CPU.ActiveCfg = Release|Any CPU
		{080FD8BD-7476-446C-8DBE-CE54CD76941A}.Release|Any CPU.Build.0 = Release|Any CPU
		{D83E42A8-671A-44BF-AD25-28D359ED3628}.Debug|Any CPU.ActiveCfg = Debug|Any CPU
		{D83E42A8-671A-44BF-AD25-28D359ED3628}.Debug|Any CPU.Build.0 = Debug|Any CPU
		{D83E42A8-671A-44BF-AD25-28D359ED3628}.Release|Any CPU.ActiveCfg = Release|Any CPU
		{D83E42A8-671A-44BF-AD25-28D359ED3628}.Release|Any CPU.Build.0 = Release|Any CPU
	EndGlobalSection
	GlobalSection(SolutionProperties) = preSolution
		HideSolutionNode = FALSE
	EndGlobalSection
	GlobalSection(ExtensibilityGlobals) = postSolution
		SolutionGuid = {382BE7A7-6D48-419C-AB7D-8F961BB8BAED}
	EndGlobalSection
EndGlobal
